// !$*UTF8*$!
{
	archiveVersion = 1;
	classes = {
	};
	objectVersion = 46;
	objects = {

/* Begin PBXBuildFile section */
		2709131A1AFFF42000760545 /* main.m in Sources */ = {isa = PBXBuildFile; fileRef = 270913191AFFF42000760545 /* main.m */; };
		2709131D1AFFF42000760545 /* AppDelegate.m in Sources */ = {isa = PBXBuildFile; fileRef = 2709131C1AFFF42000760545 /* AppDelegate.m */; };
		270913201AFFF42000760545 /* Butter.xcdatamodeld in Sources */ = {isa = PBXBuildFile; fileRef = 2709131E1AFFF42000760545 /* Butter.xcdatamodeld */; };
		270913231AFFF42000760545 /* HomeViewController.m in Sources */ = {isa = PBXBuildFile; fileRef = 270913221AFFF42000760545 /* HomeViewController.m */; };
		270913261AFFF42000760545 /* Main.storyboard in Resources */ = {isa = PBXBuildFile; fileRef = 270913241AFFF42000760545 /* Main.storyboard */; };
		270913281AFFF42000760545 /* Images.xcassets in Resources */ = {isa = PBXBuildFile; fileRef = 270913271AFFF42000760545 /* Images.xcassets */; };
		2709132B1AFFF42000760545 /* LaunchScreen.xib in Resources */ = {isa = PBXBuildFile; fileRef = 270913291AFFF42000760545 /* LaunchScreen.xib */; };
		270913371AFFF42100760545 /* ButterTests.m in Sources */ = {isa = PBXBuildFile; fileRef = 270913361AFFF42100760545 /* ButterTests.m */; };
		270913451AFFFC5800760545 /* ColorHelper.m in Sources */ = {isa = PBXBuildFile; fileRef = 270913441AFFFC5800760545 /* ColorHelper.m */; };
		270913491B0001CD00760545 /* AddTimerViewController.m in Sources */ = {isa = PBXBuildFile; fileRef = 270913471B0001CD00760545 /* AddTimerViewController.m */; };
		2709134A1B0001CD00760545 /* AddTimerViewController.xib in Resources */ = {isa = PBXBuildFile; fileRef = 270913481B0001CD00760545 /* AddTimerViewController.xib */; };
		3CB0F5071B06705E00A57EB0 /* Timer.m in Sources */ = {isa = PBXBuildFile; fileRef = 3CB0F5061B06705E00A57EB0 /* Timer.m */; };
		3CB0F50D1B06735C00A57EB0 /* DataManager.m in Sources */ = {isa = PBXBuildFile; fileRef = 3CB0F50C1B06735C00A57EB0 /* DataManager.m */; };
/* End PBXBuildFile section */

/* Begin PBXContainerItemProxy section */
		270913311AFFF42100760545 /* PBXContainerItemProxy */ = {
			isa = PBXContainerItemProxy;
			containerPortal = 2709130C1AFFF42000760545 /* Project object */;
			proxyType = 1;
			remoteGlobalIDString = 270913131AFFF42000760545;
			remoteInfo = Butter;
		};
/* End PBXContainerItemProxy section */

/* Begin PBXFileReference section */
		270913141AFFF42000760545 /* Butter.app */ = {isa = PBXFileReference; explicitFileType = wrapper.application; includeInIndex = 0; path = Butter.app; sourceTree = BUILT_PRODUCTS_DIR; };
		270913181AFFF42000760545 /* Info.plist */ = {isa = PBXFileReference; lastKnownFileType = text.plist.xml; path = Info.plist; sourceTree = "<group>"; };
		270913191AFFF42000760545 /* main.m */ = {isa = PBXFileReference; lastKnownFileType = sourcecode.c.objc; path = main.m; sourceTree = "<group>"; };
		2709131B1AFFF42000760545 /* AppDelegate.h */ = {isa = PBXFileReference; lastKnownFileType = sourcecode.c.h; path = AppDelegate.h; sourceTree = "<group>"; };
		2709131C1AFFF42000760545 /* AppDelegate.m */ = {isa = PBXFileReference; lastKnownFileType = sourcecode.c.objc; path = AppDelegate.m; sourceTree = "<group>"; };
		2709131F1AFFF42000760545 /* Butter.xcdatamodel */ = {isa = PBXFileReference; lastKnownFileType = wrapper.xcdatamodel; path = Butter.xcdatamodel; sourceTree = "<group>"; };
		270913211AFFF42000760545 /* HomeViewController.h */ = {isa = PBXFileReference; lastKnownFileType = sourcecode.c.h; path = HomeViewController.h; sourceTree = "<group>"; };
		270913221AFFF42000760545 /* HomeViewController.m */ = {isa = PBXFileReference; lastKnownFileType = sourcecode.c.objc; path = HomeViewController.m; sourceTree = "<group>"; };
		270913251AFFF42000760545 /* Base */ = {isa = PBXFileReference; lastKnownFileType = file.storyboard; name = Base; path = Base.lproj/Main.storyboard; sourceTree = "<group>"; };
		270913271AFFF42000760545 /* Images.xcassets */ = {isa = PBXFileReference; lastKnownFileType = folder.assetcatalog; path = Images.xcassets; sourceTree = "<group>"; };
		2709132A1AFFF42000760545 /* Base */ = {isa = PBXFileReference; lastKnownFileType = file.xib; name = Base; path = Base.lproj/LaunchScreen.xib; sourceTree = "<group>"; };
		270913301AFFF42100760545 /* ButterTests.xctest */ = {isa = PBXFileReference; explicitFileType = wrapper.cfbundle; includeInIndex = 0; path = ButterTests.xctest; sourceTree = BUILT_PRODUCTS_DIR; };
		270913351AFFF42100760545 /* Info.plist */ = {isa = PBXFileReference; lastKnownFileType = text.plist.xml; path = Info.plist; sourceTree = "<group>"; };
		270913361AFFF42100760545 /* ButterTests.m */ = {isa = PBXFileReference; lastKnownFileType = sourcecode.c.objc; path = ButterTests.m; sourceTree = "<group>"; };
		270913431AFFFC5800760545 /* ColorHelper.h */ = {isa = PBXFileReference; fileEncoding = 4; lastKnownFileType = sourcecode.c.h; path = ColorHelper.h; sourceTree = "<group>"; };
		270913441AFFFC5800760545 /* ColorHelper.m */ = {isa = PBXFileReference; fileEncoding = 4; lastKnownFileType = sourcecode.c.objc; path = ColorHelper.m; sourceTree = "<group>"; };
		270913461B0001CD00760545 /* AddTimerViewController.h */ = {isa = PBXFileReference; fileEncoding = 4; lastKnownFileType = sourcecode.c.h; path = AddTimerViewController.h; sourceTree = "<group>"; };
		270913471B0001CD00760545 /* AddTimerViewController.m */ = {isa = PBXFileReference; fileEncoding = 4; lastKnownFileType = sourcecode.c.objc; path = AddTimerViewController.m; sourceTree = "<group>"; };
		270913481B0001CD00760545 /* AddTimerViewController.xib */ = {isa = PBXFileReference; fileEncoding = 4; lastKnownFileType = file.xib; path = AddTimerViewController.xib; sourceTree = "<group>"; };
		3CB0F5051B06705E00A57EB0 /* Timer.h */ = {isa = PBXFileReference; fileEncoding = 4; lastKnownFileType = sourcecode.c.h; path = Timer.h; sourceTree = "<group>"; };
		3CB0F5061B06705E00A57EB0 /* Timer.m */ = {isa = PBXFileReference; fileEncoding = 4; lastKnownFileType = sourcecode.c.objc; path = Timer.m; sourceTree = "<group>"; };
		3CB0F50B1B06735C00A57EB0 /* DataManager.h */ = {isa = PBXFileReference; fileEncoding = 4; lastKnownFileType = sourcecode.c.h; path = DataManager.h; sourceTree = "<group>"; };
		3CB0F50C1B06735C00A57EB0 /* DataManager.m */ = {isa = PBXFileReference; fileEncoding = 4; lastKnownFileType = sourcecode.c.objc; path = DataManager.m; sourceTree = "<group>"; };
/* End PBXFileReference section */

/* Begin PBXFrameworksBuildPhase section */
		270913111AFFF42000760545 /* Frameworks */ = {
			isa = PBXFrameworksBuildPhase;
			buildActionMask = 2147483647;
			files = (
			);
			runOnlyForDeploymentPostprocessing = 0;
		};
		2709132D1AFFF42100760545 /* Frameworks */ = {
			isa = PBXFrameworksBuildPhase;
			buildActionMask = 2147483647;
			files = (
			);
			runOnlyForDeploymentPostprocessing = 0;
		};
/* End PBXFrameworksBuildPhase section */

/* Begin PBXGroup section */
		2709130B1AFFF42000760545 = {
			isa = PBXGroup;
			children = (
				270913161AFFF42000760545 /* Butter */,
				270913331AFFF42100760545 /* ButterTests */,
				270913151AFFF42000760545 /* Products */,
			);
			sourceTree = "<group>";
		};
		270913151AFFF42000760545 /* Products */ = {
			isa = PBXGroup;
			children = (
				270913141AFFF42000760545 /* Butter.app */,
				270913301AFFF42100760545 /* ButterTests.xctest */,
			);
			name = Products;
			sourceTree = "<group>";
		};
		270913161AFFF42000760545 /* Butter */ = {
			isa = PBXGroup;
			children = (
				3CB0F50A1B0670A800A57EB0 /* Utilities */,
				3CB0F5091B06708A00A57EB0 /* Controller */,
				3CB0F5081B06706600A57EB0 /* Model */,
				2709131B1AFFF42000760545 /* AppDelegate.h */,
				2709131C1AFFF42000760545 /* AppDelegate.m */,
				270913271AFFF42000760545 /* Images.xcassets */,
				270913291AFFF42000760545 /* LaunchScreen.xib */,
				2709131E1AFFF42000760545 /* Butter.xcdatamodeld */,
				270913171AFFF42000760545 /* Supporting Files */,
			);
			path = Butter;
			sourceTree = "<group>";
		};
		270913171AFFF42000760545 /* Supporting Files */ = {
			isa = PBXGroup;
			children = (
				270913181AFFF42000760545 /* Info.plist */,
				270913191AFFF42000760545 /* main.m */,
			);
			name = "Supporting Files";
			sourceTree = "<group>";
		};
		270913331AFFF42100760545 /* ButterTests */ = {
			isa = PBXGroup;
			children = (
				270913361AFFF42100760545 /* ButterTests.m */,
				270913341AFFF42100760545 /* Supporting Files */,
			);
			path = ButterTests;
			sourceTree = "<group>";
		};
		270913341AFFF42100760545 /* Supporting Files */ = {
			isa = PBXGroup;
			children = (
				270913351AFFF42100760545 /* Info.plist */,
			);
			name = "Supporting Files";
			sourceTree = "<group>";
		};
		3CB0F5081B06706600A57EB0 /* Model */ = {
			isa = PBXGroup;
			children = (
				3CB0F5051B06705E00A57EB0 /* Timer.h */,
				3CB0F5061B06705E00A57EB0 /* Timer.m */,
				3CB0F50B1B06735C00A57EB0 /* DataManager.h */,
				3CB0F50C1B06735C00A57EB0 /* DataManager.m */,
			);
			name = Model;
			sourceTree = "<group>";
		};
		3CB0F5091B06708A00A57EB0 /* Controller */ = {
			isa = PBXGroup;
			children = (
				270913211AFFF42000760545 /* HomeViewController.h */,
				270913221AFFF42000760545 /* HomeViewController.m */,
				270913241AFFF42000760545 /* Main.storyboard */,
				270913461B0001CD00760545 /* AddTimerViewController.h */,
				270913471B0001CD00760545 /* AddTimerViewController.m */,
				270913481B0001CD00760545 /* AddTimerViewController.xib */,
			);
			name = Controller;
			sourceTree = "<group>";
		};
		3CB0F50A1B0670A800A57EB0 /* Utilities */ = {
			isa = PBXGroup;
			children = (
				270913431AFFFC5800760545 /* ColorHelper.h */,
				270913441AFFFC5800760545 /* ColorHelper.m */,
			);
			name = Utilities;
			sourceTree = "<group>";
		};
/* End PBXGroup section */

/* Begin PBXNativeTarget section */
		270913131AFFF42000760545 /* Butter */ = {
			isa = PBXNativeTarget;
			buildConfigurationList = 2709133A1AFFF42100760545 /* Build configuration list for PBXNativeTarget "Butter" */;
			buildPhases = (
				270913101AFFF42000760545 /* Sources */,
				270913111AFFF42000760545 /* Frameworks */,
				270913121AFFF42000760545 /* Resources */,
			);
			buildRules = (
			);
			dependencies = (
			);
			name = Butter;
			productName = Butter;
			productReference = 270913141AFFF42000760545 /* Butter.app */;
			productType = "com.apple.product-type.application";
		};
		2709132F1AFFF42100760545 /* ButterTests */ = {
			isa = PBXNativeTarget;
			buildConfigurationList = 2709133D1AFFF42100760545 /* Build configuration list for PBXNativeTarget "ButterTests" */;
			buildPhases = (
				2709132C1AFFF42100760545 /* Sources */,
				2709132D1AFFF42100760545 /* Frameworks */,
				2709132E1AFFF42100760545 /* Resources */,
			);
			buildRules = (
			);
			dependencies = (
				270913321AFFF42100760545 /* PBXTargetDependency */,
			);
			name = ButterTests;
			productName = ButterTests;
			productReference = 270913301AFFF42100760545 /* ButterTests.xctest */;
			productType = "com.apple.product-type.bundle.unit-test";
		};
/* End PBXNativeTarget section */

/* Begin PBXProject section */
		2709130C1AFFF42000760545 /* Project object */ = {
			isa = PBXProject;
			attributes = {
				LastUpgradeCheck = 0620;
				ORGANIZATIONNAME = "Kyle Lucovsky";
				TargetAttributes = {
					270913131AFFF42000760545 = {
						CreatedOnToolsVersion = 6.2;
						DevelopmentTeam = 3229ATD34P;
					};
					2709132F1AFFF42100760545 = {
						CreatedOnToolsVersion = 6.2;
						TestTargetID = 270913131AFFF42000760545;
					};
				};
			};
			buildConfigurationList = 2709130F1AFFF42000760545 /* Build configuration list for PBXProject "Butter" */;
			compatibilityVersion = "Xcode 3.2";
			developmentRegion = English;
			hasScannedForEncodings = 0;
			knownRegions = (
				en,
				Base,
			);
			mainGroup = 2709130B1AFFF42000760545;
			productRefGroup = 270913151AFFF42000760545 /* Products */;
			projectDirPath = "";
			projectRoot = "";
			targets = (
				270913131AFFF42000760545 /* Butter */,
				2709132F1AFFF42100760545 /* ButterTests */,
			);
		};
/* End PBXProject section */

/* Begin PBXResourcesBuildPhase section */
		270913121AFFF42000760545 /* Resources */ = {
			isa = PBXResourcesBuildPhase;
			buildActionMask = 2147483647;
			files = (
				2709134A1B0001CD00760545 /* AddTimerViewController.xib in Resources */,
				270913261AFFF42000760545 /* Main.storyboard in Resources */,
				2709132B1AFFF42000760545 /* LaunchScreen.xib in Resources */,
				270913281AFFF42000760545 /* Images.xcassets in Resources */,
			);
			runOnlyForDeploymentPostprocessing = 0;
		};
		2709132E1AFFF42100760545 /* Resources */ = {
			isa = PBXResourcesBuildPhase;
			buildActionMask = 2147483647;
			files = (
			);
			runOnlyForDeploymentPostprocessing = 0;
		};
/* End PBXResourcesBuildPhase section */

/* Begin PBXSourcesBuildPhase section */
		270913101AFFF42000760545 /* Sources */ = {
			isa = PBXSourcesBuildPhase;
			buildActionMask = 2147483647;
			files = (
				270913451AFFFC5800760545 /* ColorHelper.m in Sources */,
				270913201AFFF42000760545 /* Butter.xcdatamodeld in Sources */,
				270913491B0001CD00760545 /* AddTimerViewController.m in Sources */,
				2709131D1AFFF42000760545 /* AppDelegate.m in Sources */,
				270913231AFFF42000760545 /* HomeViewController.m in Sources */,
				3CB0F50D1B06735C00A57EB0 /* DataManager.m in Sources */,
				2709131A1AFFF42000760545 /* main.m in Sources */,
				3CB0F5071B06705E00A57EB0 /* Timer.m in Sources */,
			);
			runOnlyForDeploymentPostprocessing = 0;
		};
		2709132C1AFFF42100760545 /* Sources */ = {
			isa = PBXSourcesBuildPhase;
			buildActionMask = 2147483647;
			files = (
				270913371AFFF42100760545 /* ButterTests.m in Sources */,
			);
			runOnlyForDeploymentPostprocessing = 0;
		};
/* End PBXSourcesBuildPhase section */

/* Begin PBXTargetDependency section */
		270913321AFFF42100760545 /* PBXTargetDependency */ = {
			isa = PBXTargetDependency;
			target = 270913131AFFF42000760545 /* Butter */;
			targetProxy = 270913311AFFF42100760545 /* PBXContainerItemProxy */;
		};
/* End PBXTargetDependency section */

/* Begin PBXVariantGroup section */
		270913241AFFF42000760545 /* Main.storyboard */ = {
			isa = PBXVariantGroup;
			children = (
				270913251AFFF42000760545 /* Base */,
			);
			name = Main.storyboard;
			sourceTree = "<group>";
		};
		270913291AFFF42000760545 /* LaunchScreen.xib */ = {
			isa = PBXVariantGroup;
			children = (
				2709132A1AFFF42000760545 /* Base */,
			);
			name = LaunchScreen.xib;
			sourceTree = "<group>";
		};
/* End PBXVariantGroup section */

/* Begin XCBuildConfiguration section */
		270913381AFFF42100760545 /* Debug */ = {
			isa = XCBuildConfiguration;
			buildSettings = {
				ALWAYS_SEARCH_USER_PATHS = NO;
				CLANG_CXX_LANGUAGE_STANDARD = "gnu++0x";
				CLANG_CXX_LIBRARY = "libc++";
				CLANG_ENABLE_MODULES = YES;
				CLANG_ENABLE_OBJC_ARC = YES;
				CLANG_WARN_BOOL_CONVERSION = YES;
				CLANG_WARN_CONSTANT_CONVERSION = YES;
				CLANG_WARN_DIRECT_OBJC_ISA_USAGE = YES_ERROR;
				CLANG_WARN_EMPTY_BODY = YES;
				CLANG_WARN_ENUM_CONVERSION = YES;
				CLANG_WARN_INT_CONVERSION = YES;
				CLANG_WARN_OBJC_ROOT_CLASS = YES_ERROR;
				CLANG_WARN_UNREACHABLE_CODE = YES;
				CLANG_WARN__DUPLICATE_METHOD_MATCH = YES;
				"CODE_SIGN_IDENTITY[sdk=iphoneos*]" = "iPhone Developer";
				COPY_PHASE_STRIP = NO;
				ENABLE_STRICT_OBJC_MSGSEND = YES;
				GCC_C_LANGUAGE_STANDARD = gnu99;
				GCC_DYNAMIC_NO_PIC = NO;
				GCC_OPTIMIZATION_LEVEL = 0;
				GCC_PREPROCESSOR_DEFINITIONS = (
					"DEBUG=1",
					"$(inherited)",
				);
				GCC_SYMBOLS_PRIVATE_EXTERN = NO;
				GCC_WARN_64_TO_32_BIT_CONVERSION = YES;
				GCC_WARN_ABOUT_RETURN_TYPE = YES_ERROR;
				GCC_WARN_UNDECLARED_SELECTOR = YES;
				GCC_WARN_UNINITIALIZED_AUTOS = YES_AGGRESSIVE;
				GCC_WARN_UNUSED_FUNCTION = YES;
				GCC_WARN_UNUSED_VARIABLE = YES;
				IPHONEOS_DEPLOYMENT_TARGET = 8.2;
				MTL_ENABLE_DEBUG_INFO = YES;
				ONLY_ACTIVE_ARCH = YES;
				SDKROOT = iphoneos;
				TARGETED_DEVICE_FAMILY = "1,2";
			};
			name = Debug;
		};
		270913391AFFF42100760545 /* Release */ = {
			isa = XCBuildConfiguration;
			buildSettings = {
				ALWAYS_SEARCH_USER_PATHS = NO;
				CLANG_CXX_LANGUAGE_STANDARD = "gnu++0x";
				CLANG_CXX_LIBRARY = "libc++";
				CLANG_ENABLE_MODULES = YES;
				CLANG_ENABLE_OBJC_ARC = YES;
				CLANG_WARN_BOOL_CONVERSION = YES;
				CLANG_WARN_CONSTANT_CONVERSION = YES;
				CLANG_WARN_DIRECT_OBJC_ISA_USAGE = YES_ERROR;
				CLANG_WARN_EMPTY_BODY = YES;
				CLANG_WARN_ENUM_CONVERSION = YES;
				CLANG_WARN_INT_CONVERSION = YES;
				CLANG_WARN_OBJC_ROOT_CLASS = YES_ERROR;
				CLANG_WARN_UNREACHABLE_CODE = YES;
				CLANG_WARN__DUPLICATE_METHOD_MATCH = YES;
				"CODE_SIGN_IDENTITY[sdk=iphoneos*]" = "iPhone Developer";
				COPY_PHASE_STRIP = NO;
				ENABLE_NS_ASSERTIONS = NO;
				ENABLE_STRICT_OBJC_MSGSEND = YES;
				GCC_C_LANGUAGE_STANDARD = gnu99;
				GCC_WARN_64_TO_32_BIT_CONVERSION = YES;
				GCC_WARN_ABOUT_RETURN_TYPE = YES_ERROR;
				GCC_WARN_UNDECLARED_SELECTOR = YES;
				GCC_WARN_UNINITIALIZED_AUTOS = YES_AGGRESSIVE;
				GCC_WARN_UNUSED_FUNCTION = YES;
				GCC_WARN_UNUSED_VARIABLE = YES;
				IPHONEOS_DEPLOYMENT_TARGET = 8.2;
				MTL_ENABLE_DEBUG_INFO = NO;
				SDKROOT = iphoneos;
				TARGETED_DEVICE_FAMILY = "1,2";
				VALIDATE_PRODUCT = YES;
			};
			name = Release;
		};
		2709133B1AFFF42100760545 /* Debug */ = {
			isa = XCBuildConfiguration;
			buildSettings = {
				ASSETCATALOG_COMPILER_APPICON_NAME = AppIcon;
				CODE_SIGN_IDENTITY = "iPhone Developer";
				INFOPLIST_FILE = Butter/Info.plist;
				LD_RUNPATH_SEARCH_PATHS = "$(inherited) @executable_path/Frameworks";
				PRODUCT_NAME = "$(TARGET_NAME)";
			};
			name = Debug;
		};
		2709133C1AFFF42100760545 /* Release */ = {
			isa = XCBuildConfiguration;
			buildSettings = {
				ASSETCATALOG_COMPILER_APPICON_NAME = AppIcon;
				CODE_SIGN_IDENTITY = "iPhone Developer";
				INFOPLIST_FILE = Butter/Info.plist;
				LD_RUNPATH_SEARCH_PATHS = "$(inherited) @executable_path/Frameworks";
				PRODUCT_NAME = "$(TARGET_NAME)";
			};
			name = Release;
		};
		2709133E1AFFF42100760545 /* Debug */ = {
			isa = XCBuildConfiguration;
			buildSettings = {
				BUNDLE_LOADER = "$(TEST_HOST)";
				FRAMEWORK_SEARCH_PATHS = (
					"$(SDKROOT)/Developer/Library/Frameworks",
					"$(inherited)",
				);
				GCC_PREPROCESSOR_DEFINITIONS = (
					"DEBUG=1",
					"$(inherited)",
				);
				INFOPLIST_FILE = ButterTests/Info.plist;
				LD_RUNPATH_SEARCH_PATHS = "$(inherited) @executable_path/Frameworks @loader_path/Frameworks";
				PRODUCT_NAME = "$(TARGET_NAME)";
				TEST_HOST = "$(BUILT_PRODUCTS_DIR)/Butter.app/Butter";
			};
			name = Debug;
		};
		2709133F1AFFF42100760545 /* Release */ = {
			isa = XCBuildConfiguration;
			buildSettings = {
				BUNDLE_LOADER = "$(TEST_HOST)";
				FRAMEWORK_SEARCH_PATHS = (
					"$(SDKROOT)/Developer/Library/Frameworks",
					"$(inherited)",
				);
				INFOPLIST_FILE = ButterTests/Info.plist;
				LD_RUNPATH_SEARCH_PATHS = "$(inherited) @executable_path/Frameworks @loader_path/Frameworks";
				PRODUCT_NAME = "$(TARGET_NAME)";
				TEST_HOST = "$(BUILT_PRODUCTS_DIR)/Butter.app/Butter";
			};
			name = Release;
		};
/* End XCBuildConfiguration section */

/* Begin XCConfigurationList section */
		2709130F1AFFF42000760545 /* Build configuration list for PBXProject "Butter" */ = {
			isa = XCConfigurationList;
			buildConfigurations = (
				270913381AFFF42100760545 /* Debug */,
				270913391AFFF42100760545 /* Release */,
			);
			defaultConfigurationIsVisible = 0;
			defaultConfigurationName = Release;
		};
		2709133A1AFFF42100760545 /* Build configuration list for PBXNativeTarget "Butter" */ = {
			isa = XCConfigurationList;
			buildConfigurations = (
				2709133B1AFFF42100760545 /* Debug */,
				2709133C1AFFF42100760545 /* Release */,
			);
			defaultConfigurationIsVisible = 0;
			defaultConfigurationName = Release;
		};
		2709133D1AFFF42100760545 /* Build configuration list for PBXNativeTarget "ButterTests" */ = {
			isa = XCConfigurationList;
			buildConfigurations = (
				2709133E1AFFF42100760545 /* Debug */,
				2709133F1AFFF42100760545 /* Release */,
			);
			defaultConfigurationIsVisible = 0;
			defaultConfigurationName = Release;
		};
/* End XCConfigurationList section */

/* Begin XCVersionGroup section */
		2709131E1AFFF42000760545 /* Butter.xcdatamodeld */ = {
			isa = XCVersionGroup;
			children = (
				2709131F1AFFF42000760545 /* Butter.xcdatamodel */,
			);
			currentVersion = 2709131F1AFFF42000760545 /* Butter.xcdatamodel */;
			path = Butter.xcdatamodeld;
			sourceTree = "<group>";
			versionGroupType = wrapper.xcdatamodel;
		};
/* End XCVersionGroup section */
	};
	rootObject = 2709130C1AFFF42000760545 /* Project object */;
}
